
Microsoft Visual Studio Solution File, Format Version 12.00
# Visual Studio Version 16
VisualStudioVersion = 16.0.30204.135
MinimumVisualStudioVersion = 10.0.40219.1
Project("{FAE04EC0-301F-11D3-BF4B-00C04F79EFBC}") = "AracTakipOtomasyon", "AracTakipOtomasyon\AracTakipOtomasyon.csproj", "{C080ACE9-6A53-429B-8A5E-FB84A25940E4}"
EndProject
Global
	GlobalSection(SolutionConfigurationPlatforms) = preSolution
		Debug|Any CPU = Debug|Any CPU
		Release|Any CPU = Release|Any CPU
	EndGlobalSection
	GlobalSection(ProjectConfigurationPlatforms) = postSolution
		{C080ACE9-6A53-429B-8A5E-FB84A25940E4}.Debug|Any CPU.ActiveCfg = Debug|Any CPU
		{C080ACE9-6A53-429B-8A5E-FB84A25940E4}.Debug|Any CPU.Build.0 = Debug|Any CPU
		{C080ACE9-6A53-429B-8A5E-FB84A25940E4}.Release|Any CPU.ActiveCfg = Release|Any CPU
		{C080ACE9-6A53-429B-8A5E-FB84A25940E4}.Release|Any CPU.Build.0 = Release|Any CPU
	EndGlobalSection
	GlobalSection(SolutionProperties) = preSolution
		HideSolutionNode = FALSE
	EndGlobalSection
	GlobalSection(ExtensibilityGlobals) = postSolution
		SolutionGuid = {53DD89AB-92D7-429F-96C9-D5C851F2F6B1}
	EndGlobalSection
EndGlobal
